
Microsoft Visual Studio Solution File, Format Version 12.00
Project("{FAE04EC0-301F-11D3-BF4B-00C04F79EFBC}") = "RenovateNuGetPackageSourceNameWithSpaces", "RenovateNuGetPackageSourceNameWithSpaces.csproj", "{DC58EB40-B438-4A01-ABF2-03A2C1B60D9B}"
EndProject
Global
	GlobalSection(SolutionConfigurationPlatforms) = preSolution
		Debug|Any CPU = Debug|Any CPU
		Release|Any CPU = Release|Any CPU
	EndGlobalSection
	GlobalSection(ProjectConfigurationPlatforms) = postSolution
		{DC58EB40-B438-4A01-ABF2-03A2C1B60D9B}.Debug|Any CPU.ActiveCfg = Debug|Any CPU
		{DC58EB40-B438-4A01-ABF2-03A2C1B60D9B}.Debug|Any CPU.Build.0 = Debug|Any CPU
		{DC58EB40-B438-4A01-ABF2-03A2C1B60D9B}.Release|Any CPU.ActiveCfg = Release|Any CPU
		{DC58EB40-B438-4A01-ABF2-03A2C1B60D9B}.Release|Any CPU.Build.0 = Release|Any CPU
	EndGlobalSection
EndGlobal
